{
  "version": 4,
  "terraform_version": "1.0.11",
  "serial": 5,
  "lineage": "c29d5952-295a-d256-73db-502e58351743",
  "outputs": {
    "external_ip_address_node01_yandex_cloud": {
      "value": "51.250.10.13",
      "type": "string"
    },
    "internal_ip_address_node01_yandex_cloud": {
      "value": "192.168.101.29",
      "type": "string"
    }
  },
  "resources": [
    {
      "mode": "managed",
      "type": "yandex_compute_instance",
      "name": "node01",
      "provider": "provider[\"registry.terraform.io/yandex-cloud/yandex\"]",
      "instances": [
        {
          "schema_version": 1,
          "attributes": {
            "allow_stopping_for_update": true,
            "boot_disk": [
              {
                "auto_delete": true,
                "device_name": "fhmgn5vhq81nfa9b777k",
                "disk_id": "fhmgn5vhq81nfa9b777k",
                "initialize_params": [
                  {
                    "description": "",
                    "image_id": "fd8oo57d3a56bol0q0gs",
                    "name": "root-node01",
                    "size": 50,
                    "snapshot_id": "",
                    "type": "network-ssd"
                  }
                ],
                "mode": "READ_WRITE"
              }
            ],
            "created_at": "2021-11-15T19:11:30Z",
            "description": "",
            "folder_id": "b1gg49lefs6j79btf13t",
            "fqdn": "node01.netology.cloud",
            "hostname": "node01",
            "id": "fhmvec1b3h6se6i5obds",
            "labels": null,
            "metadata": {
              "ssh-keys": "centos:ssh-rsa AAAAB3NzaC1yc2EAAAADAQABAAABgQDYkpLjvHd2E7y+T36tdg4THmL0UTn5qgIHHUuBlDGmfU1QaJfjcvhKdG7ObAtY+tTz0K8RAdhQ+Twd73+SdH2DvASNpggG0wxgtYs4uYJddO1xIYvGPOyQBK70mkRH+YPqEv/+kaBkItepDw0gKHSeDD5sURSb67dWOivY12c0XaK9dTc0oyY+1VPoKjAXaEPB62fZL4d6Prdty1Fw5Giw+LCmBhgKsCXii07u8dPEJ8o38QlsgUoLT4QDYWd+uwYNVnn960fcrRp3m3LhbUePEdMkRymjnTuOwHHkLCS6So6oxwAvBFdRv/3QlRqRASaYs63zIM6kpBsDs4A0T3rm+CjvG1udtWPgESOWzoxPiOBi0ZW3Wghoj6Ccb+poGkVhNqBThfvXZ1+Vx58+/4vtkOEbjGUUfQShQbrHmRZYXWTPM74bX10a07DwTllckBs7/5/NOdB0wLbP8zqnk2YSHD9hhQw6+0xfVwwZiDUNq7+Gq3zBdI4u2zc6+oD8vPE= evgen@evgen-VB\n"
            },
            "name": "node01",
            "network_acceleration_type": "standard",
            "network_interface": [
              {
                "dns_record": [],
                "index": 0,
                "ip_address": "192.168.101.29",
                "ipv4": true,
                "ipv6": false,
                "ipv6_address": "",
                "ipv6_dns_record": [],
                "mac_address": "d0:0d:1f:73:02:b1",
                "nat": true,
                "nat_dns_record": [],
                "nat_ip_address": "51.250.10.13",
                "nat_ip_version": "IPV4",
                "security_group_ids": [],
                "subnet_id": "e9b5jl65qkaomr7t6fla"
              }
            ],
            "placement_policy": [
              {
                "placement_group_id": ""
              }
            ],
            "platform_id": "standard-v1",
            "resources": [
              {
                "core_fraction": 100,
                "cores": 8,
                "gpus": 0,
                "memory": 8
              }
            ],
            "scheduling_policy": [
              {
                "preemptible": false
              }
            ],
            "secondary_disk": [],
            "service_account_id": "",
            "status": "running",
            "timeouts": null,
            "zone": "ru-central1-a"
          },
          "sensitive_attributes": [],
          "private": "eyJlMmJmYjczMC1lY2FhLTExZTYtOGY4OC0zNDM2M2JjN2M0YzAiOnsiY3JlYXRlIjozMDAwMDAwMDAwMDAsImRlbGV0ZSI6MzAwMDAwMDAwMDAwLCJ1cGRhdGUiOjMwMDAwMDAwMDAwMH0sInNjaGVtYV92ZXJzaW9uIjoiMSJ9",
          "dependencies": [
            "yandex_vpc_network.default",
            "yandex_vpc_subnet.default"
          ]
        }
      ]
    },
    {
      "mode": "managed",
      "type": "yandex_vpc_network",
      "name": "default",
      "provider": "provider[\"registry.terraform.io/yandex-cloud/yandex\"]",
      "instances": [
        {
          "schema_version": 0,
          "attributes": {
            "created_at": "2021-11-15T19:11:28Z",
            "default_security_group_id": "",
            "description": "",
            "folder_id": "b1gg49lefs6j79btf13t",
            "id": "enp3e7js116fove3f0ld",
            "labels": {},
            "name": "hw",
            "subnet_ids": [],
            "timeouts": null
          },
          "sensitive_attributes": [],
          "private": "eyJlMmJmYjczMC1lY2FhLTExZTYtOGY4OC0zNDM2M2JjN2M0YzAiOnsiY3JlYXRlIjo2MDAwMDAwMDAwMCwiZGVsZXRlIjo2MDAwMDAwMDAwMCwidXBkYXRlIjo2MDAwMDAwMDAwMH19"
        }
      ]
    },
    {
      "mode": "managed",
      "type": "yandex_vpc_subnet",
      "name": "default",
      "provider": "provider[\"registry.terraform.io/yandex-cloud/yandex\"]",
      "instances": [
        {
          "schema_version": 0,
          "attributes": {
            "created_at": "2021-11-15T19:11:29Z",
            "description": "",
            "dhcp_options": [],
            "folder_id": "b1gg49lefs6j79btf13t",
            "id": "e9b5jl65qkaomr7t6fla",
            "labels": {},
            "name": "subnet",
            "network_id": "enp3e7js116fove3f0ld",
            "route_table_id": "",
            "timeouts": null,
            "v4_cidr_blocks": [
              "192.168.101.0/24"
            ],
            "v6_cidr_blocks": [],
            "zone": "ru-central1-a"
          },
          "sensitive_attributes": [],
          "private": "eyJlMmJmYjczMC1lY2FhLTExZTYtOGY4OC0zNDM2M2JjN2M0YzAiOnsiY3JlYXRlIjoxODAwMDAwMDAwMDAsImRlbGV0ZSI6MTgwMDAwMDAwMDAwLCJ1cGRhdGUiOjE4MDAwMDAwMDAwMH19",
          "dependencies": [
            "yandex_vpc_network.default"
          ]
        }
      ]
    }
  ]
}
